
Microsoft Visual Studio Solution File, Format Version 12.00
# Visual Studio 14
VisualStudioVersion = 14.0.25420.1
MinimumVisualStudioVersion = 10.0.40219.1
Project("{FAE04EC0-301F-11D3-BF4B-00C04F79EFBC}") = "CharityKitchen", "CharityKitchen\CharityKitchen.csproj", "{211D5A84-A517-4C49-B96F-538F22C3AFCB}"
	ProjectSection(ProjectDependencies) = postProject
		{3DDC827E-BBCB-4A41-812A-C67BF00130BA} = {3DDC827E-BBCB-4A41-812A-C67BF00130BA}
	EndProjectSection
EndProject
Project("{FAE04EC0-301F-11D3-BF4B-00C04F79EFBC}") = "CharityKitchenDataService", "CharityKitchenDataService\CharityKitchenDataService.csproj", "{3DDC827E-BBCB-4A41-812A-C67BF00130BA}"
EndProject
Global
	GlobalSection(SolutionConfigurationPlatforms) = preSolution
		Debug|Any CPU = Debug|Any CPU
		Release|Any CPU = Release|Any CPU
	EndGlobalSection
	GlobalSection(ProjectConfigurationPlatforms) = postSolution
		{211D5A84-A517-4C49-B96F-538F22C3AFCB}.Debug|Any CPU.ActiveCfg = Debug|Any CPU
		{211D5A84-A517-4C49-B96F-538F22C3AFCB}.Debug|Any CPU.Build.0 = Debug|Any CPU
		{211D5A84-A517-4C49-B96F-538F22C3AFCB}.Release|Any CPU.ActiveCfg = Release|Any CPU
		{211D5A84-A517-4C49-B96F-538F22C3AFCB}.Release|Any CPU.Build.0 = Release|Any CPU
		{3DDC827E-BBCB-4A41-812A-C67BF00130BA}.Debug|Any CPU.ActiveCfg = Debug|Any CPU
		{3DDC827E-BBCB-4A41-812A-C67BF00130BA}.Debug|Any CPU.Build.0 = Debug|Any CPU
		{3DDC827E-BBCB-4A41-812A-C67BF00130BA}.Release|Any CPU.ActiveCfg = Release|Any CPU
		{3DDC827E-BBCB-4A41-812A-C67BF00130BA}.Release|Any CPU.Build.0 = Release|Any CPU
	EndGlobalSection
	GlobalSection(SolutionProperties) = preSolution
		HideSolutionNode = FALSE
	EndGlobalSection
EndGlobal
